github.com/google/uuid v1.6.0 h1:NIvaJDMOsjHA8n1jAhLSgzrAzy1Hgr+hNrb57e+94F0=
github.com/google/uuid v1.6.0/go.mod h1:TIyPZe4MgqvfeYDBFedMoGGpEw/LqOeaOT+nhxU+yHo=
github.com/pefish/go-file v0.2.8 h1:keWfm2HmYMRgkUs5qiaqtcd+WzXW6Y/5d+DJpTrYboo=
github.com/pefish/go-file v0.2.8/go.mod h1:sT3fZdxwnAqZiwvoTO5BqGWoGcRjI1Vss401/vOWR30=
github.com/pefish/go-file v0.2.9 h1:lqUmmaxEf6kpYemVvuB3cpngkDv0sX/bFzOohJtxEPg=
github.com/pefish/go-file v0.2.9/go.mod h1:sT3fZdxwnAqZiwvoTO5BqGWoGcRjI1Vss401/vOWR30=
github.com/pkg/errors v0.9.1 h1:FEBLx1zS214owpjy7qsBeixbURkuhQAwrK5UwLGTwt4=
github.com/pkg/errors v0.9.1/go.mod h1:bwawxfHBFNV+L2hUp1rHADufV3IMtnDRdf1r5NINEl0=
